{
  "originHash" : "44a1db6bf2e61d8162a149d4755fe155d863cdebb0902244ae896b37b22fd33c",
  "pins" : [
    {
      "identity" : "flare-client-swift",
      "kind" : "remoteSourceControl",
      "location" : "https://github.com/spatie/flare-client-swift.git",
      "state" : {
        "revision" : "90fa743bbe239cc00cd6aac94d68e76db34cc0ca",
        "version" : "0.1.0"
      }
    },
    {
      "identity" : "plcrashreporter",
      "kind" : "remoteSourceControl",
      "location" : "https://github.com/microsoft/plcrashreporter.git",
      "state" : {
        "revision" : "0254f941c646b1ed17b243654723d0f071e990d0",
        "version" : "1.12.2"
      }
    },
    {
      "identity" : "sparkle",
      "kind" : "remoteSourceControl",
      "location" : "https://github.com/sparkle-project/Sparkle",
      "state" : {
        "revision" : "ac2def288cbff5cfc7df3ffef6abdf45b72bcb0a",
        "version" : "2.9.6"
      }
    },
    {
      "identity" : "swift-argument-parser",
      "kind" : "remoteSourceControl",
      "location" : "https://github.com/apple/swift-argument-parser",
      "state" : {
        "revision" : "6a52f3251125d74daf04fcbd5e6f08a75d074382",
        "version" : "1.8.2"
      }
    },
    {
      "identity" : "swiftterm",
      "kind" : "remoteSourceControl",
      "location" : "https://github.com/migueldeicaza/SwiftTerm",
      "state" : {
        "revision" : "464df5207fc2432e16c9a23abe538187196daf5f",
        "version" : "1.19.0"
      }
    }
  ],
  "version" : 3
}
